
Microsoft Visual Studio Solution File, Format Version 12.00
# Visual Studio Version 17
VisualStudioVersion = 17.7.34202.233
MinimumVisualStudioVersion = 10.0.40219.1
Project("{FAE04EC0-301F-11D3-BF4B-00C04F79EFBC}") = "PlatformService", "PlatformService\PlatformService.csproj", "{6B009E8E-31D3-401F-9799-4C4350AB40CF}"
EndProject
Global
	GlobalSection(SolutionConfigurationPlatforms) = preSolution
		Debug|Any CPU = Debug|Any CPU
		Release|Any CPU = Release|Any CPU
	EndGlobalSection
	GlobalSection(ProjectConfigurationPlatforms) = postSolution
		{6B009E8E-31D3-401F-9799-4C4350AB40CF}.Debug|Any CPU.ActiveCfg = Debug|Any CPU
		{6B009E8E-31D3-401F-9799-4C4350AB40CF}.Debug|Any CPU.Build.0 = Debug|Any CPU
		{6B009E8E-31D3-401F-9799-4C4350AB40CF}.Release|Any CPU.ActiveCfg = Release|Any CPU
		{6B009E8E-31D3-401F-9799-4C4350AB40CF}.Release|Any CPU.Build.0 = Release|Any CPU
	EndGlobalSection
	GlobalSection(SolutionProperties) = preSolution
		HideSolutionNode = FALSE
	EndGlobalSection
	GlobalSection(ExtensibilityGlobals) = postSolution
		SolutionGuid = {FE6BFC08-3E29-48E9-8797-253A31854E47}
	EndGlobalSection
EndGlobal
